
Microsoft Visual Studio Solution File, Format Version 12.00
# Visual Studio Version 17
VisualStudioVersion = 17.5.33530.505
MinimumVisualStudioVersion = 10.0.40219.1
Project("{FAE04EC0-301F-11D3-BF4B-00C04F79EFBC}") = "Trello_local_sharp", "Trello_local_sharp.csproj", "{6E81A347-7C7D-492F-B2EF-56E8A62AA1B5}"
EndProject
Global
	GlobalSection(SolutionConfigurationPlatforms) = preSolution
		Debug|Any CPU = Debug|Any CPU
		Release|Any CPU = Release|Any CPU
	EndGlobalSection
	GlobalSection(ProjectConfigurationPlatforms) = postSolution
		{6E81A347-7C7D-492F-B2EF-56E8A62AA1B5}.Debug|Any CPU.ActiveCfg = Debug|Any CPU
		{6E81A347-7C7D-492F-B2EF-56E8A62AA1B5}.Debug|Any CPU.Build.0 = Debug|Any CPU
		{6E81A347-7C7D-492F-B2EF-56E8A62AA1B5}.Release|Any CPU.ActiveCfg = Release|Any CPU
		{6E81A347-7C7D-492F-B2EF-56E8A62AA1B5}.Release|Any CPU.Build.0 = Release|Any CPU
	EndGlobalSection
	GlobalSection(SolutionProperties) = preSolution
		HideSolutionNode = FALSE
	EndGlobalSection
	GlobalSection(ExtensibilityGlobals) = postSolution
		SolutionGuid = {E82357E9-D6BC-4FE3-BC4C-0ADECC681607}
	EndGlobalSection
EndGlobal
